
Microsoft Visual Studio Solution File, Format Version 12.00
# Visual Studio 15
VisualStudioVersion = 15.0.27004.2009
MinimumVisualStudioVersion = 10.0.40219.1
Project("{FAE04EC0-301F-11D3-BF4B-00C04F79EFBC}") = "WebApp", "WebApp\WebApp.csproj", "{AD470DE5-3B3D-4EDC-8DAD-DBAFC4A2E53F}"
EndProject
Project("{E53339B2-1760-4266-BCC7-CA923CBCF16C}") = "docker-compose", "docker-compose.dcproj", "{47E537DB-F918-468C-92F2-C1BE9177086D}"
EndProject
Global
	GlobalSection(SolutionConfigurationPlatforms) = preSolution
		Debug|Any CPU = Debug|Any CPU
		Release|Any CPU = Release|Any CPU
	EndGlobalSection
	GlobalSection(ProjectConfigurationPlatforms) = postSolution
		{AD470DE5-3B3D-4EDC-8DAD-DBAFC4A2E53F}.Debug|Any CPU.ActiveCfg = Debug|Any CPU
		{AD470DE5-3B3D-4EDC-8DAD-DBAFC4A2E53F}.Debug|Any CPU.Build.0 = Debug|Any CPU
		{AD470DE5-3B3D-4EDC-8DAD-DBAFC4A2E53F}.Release|Any CPU.ActiveCfg = Release|Any CPU
		{AD470DE5-3B3D-4EDC-8DAD-DBAFC4A2E53F}.Release|Any CPU.Build.0 = Release|Any CPU
		{47E537DB-F918-468C-92F2-C1BE9177086D}.Debug|Any CPU.ActiveCfg = Debug|Any CPU
		{47E537DB-F918-468C-92F2-C1BE9177086D}.Debug|Any CPU.Build.0 = Debug|Any CPU
		{47E537DB-F918-468C-92F2-C1BE9177086D}.Release|Any CPU.ActiveCfg = Release|Any CPU
		{47E537DB-F918-468C-92F2-C1BE9177086D}.Release|Any CPU.Build.0 = Release|Any CPU
	EndGlobalSection
	GlobalSection(SolutionProperties) = preSolution
		HideSolutionNode = FALSE
	EndGlobalSection
	GlobalSection(ExtensibilityGlobals) = postSolution
		SolutionGuid = {8F7100D5-40D2-4FD6-B3D3-6DECBD64FA42}
	EndGlobalSection
EndGlobal
